
Microsoft Visual Studio Solution File, Format Version 12.00
# Visual Studio 14
VisualStudioVersion = 14.0.25420.1
MinimumVisualStudioVersion = 10.0.40219.1
Project("{FAE04EC0-301F-11D3-BF4B-00C04F79EFBC}") = "Application", "Application\Application.csproj", "{6D12ED08-2E7B-4896-B2E9-60AE4D44FB0A}"
	ProjectSection(ProjectDependencies) = postProject
		{B1CEA06C-A835-4CC7-AC06-A41F1833F6F0} = {B1CEA06C-A835-4CC7-AC06-A41F1833F6F0}
		{E211B877-9535-4613-817D-285ED5AF24C4} = {E211B877-9535-4613-817D-285ED5AF24C4}
		{AC80A896-A2C4-43BB-BF64-225B9CF169C9} = {AC80A896-A2C4-43BB-BF64-225B9CF169C9}
		{575FE8BB-5D32-47F0-ABD4-8408E64D1B92} = {575FE8BB-5D32-47F0-ABD4-8408E64D1B92}
	EndProjectSection
EndProject
Project("{FAE04EC0-301F-11D3-BF4B-00C04F79EFBC}") = "CommonTypesLibrary", "CommonTypesLibrary\CommonTypesLibrary.csproj", "{575FE8BB-5D32-47F0-ABD4-8408E64D1B92}"
EndProject
Project("{FAE04EC0-301F-11D3-BF4B-00C04F79EFBC}") = "InputOutputLibrary", "InputOutputLibrary\InputOutputLibrary.csproj", "{AC80A896-A2C4-43BB-BF64-225B9CF169C9}"
EndProject
Project("{FAE04EC0-301F-11D3-BF4B-00C04F79EFBC}") = "CalculatorLibrary", "CalculatorLibrary\CalculatorLibrary.csproj", "{E211B877-9535-4613-817D-285ED5AF24C4}"
EndProject
Project("{FAE04EC0-301F-11D3-BF4B-00C04F79EFBC}") = "CalculatorCommandParsingLibrary", "CalculatorCommandParsingLibrary\CalculatorCommandParsingLibrary.csproj", "{B1CEA06C-A835-4CC7-AC06-A41F1833F6F0}"
EndProject
Project("{FAE04EC0-301F-11D3-BF4B-00C04F79EFBC}") = "InterfacesLibrary", "InterfacesLibrary\InterfacesLibrary.csproj", "{3FAFB475-2D9C-4E01-9873-95BC43479CD1}"
EndProject
Project("{FAE04EC0-301F-11D3-BF4B-00C04F79EFBC}") = "MainModuleLibrary", "MainModuleLibrary\MainModuleLibrary.csproj", "{8AE8B06E-FDBC-400E-B110-D6970E99A24A}"
EndProject
Project("{FAE04EC0-301F-11D3-BF4B-00C04F79EFBC}") = "InterfacesProject", "InterfacesProject\InterfacesProject.csproj", "{83B7D0B1-FC9B-45CE-9037-6A30E5F52506}"
EndProject
Project("{FAE04EC0-301F-11D3-BF4B-00C04F79EFBC}") = "ModuleAProject", "ModuleAProject\ModuleAProject.csproj", "{93D21140-3563-4BE9-B7F2-1917289D2E39}"
EndProject
Project("{FAE04EC0-301F-11D3-BF4B-00C04F79EFBC}") = "ModuleBProject", "ModuleBProject\ModuleBProject.csproj", "{4399EB2A-E2C9-4E9F-A96D-9FF5AFEE6096}"
EndProject
Project("{FAE04EC0-301F-11D3-BF4B-00C04F79EFBC}") = "MyWpfApplication", "MyWpfApplication\MyWpfApplication.csproj", "{F30B29DE-01D5-40AA-875B-82C8198E0F50}"
	ProjectSection(ProjectDependencies) = postProject
		{4399EB2A-E2C9-4E9F-A96D-9FF5AFEE6096} = {4399EB2A-E2C9-4E9F-A96D-9FF5AFEE6096}
		{93D21140-3563-4BE9-B7F2-1917289D2E39} = {93D21140-3563-4BE9-B7F2-1917289D2E39}
	EndProjectSection
EndProject
Project("{2150E333-8FDC-42A3-9474-1A3956D46DE8}") = "Calculator", "Calculator", "{702AFB02-9210-4BC4-9201-C1A6CEC6DA56}"
EndProject
Project("{2150E333-8FDC-42A3-9474-1A3956D46DE8}") = "WpfApplication", "WpfApplication", "{D18A4E68-4DBF-49F6-B886-1EB3C3F3F475}"
EndProject
Project("{FAE04EC0-301F-11D3-BF4B-00C04F79EFBC}") = "EmailClient", "EmailClient\EmailClient.csproj", "{A13877C4-351C-462F-A5E2-E67DC7FCAAAC}"
	ProjectSection(ProjectDependencies) = postProject
		{DA38E704-B76F-43FF-8CB0-D1651CB5010F} = {DA38E704-B76F-43FF-8CB0-D1651CB5010F}
		{EAA8B111-CCFA-44DE-9471-A520E410467A} = {EAA8B111-CCFA-44DE-9471-A520E410467A}
		{1EF4DF4F-EFCA-494B-9D62-2E1FD7FC0265} = {1EF4DF4F-EFCA-494B-9D62-2E1FD7FC0265}
		{729FA05D-37DE-4B44-A836-12E2EF525AE4} = {729FA05D-37DE-4B44-A836-12E2EF525AE4}
		{7CCDCC6D-573D-4178-AF95-F2404F738E2A} = {7CCDCC6D-573D-4178-AF95-F2404F738E2A}
		{7A493671-AF38-4103-BDBB-CAC32CF5A163} = {7A493671-AF38-4103-BDBB-CAC32CF5A163}
		{CEFBDB89-10FA-4DBC-91E5-DA7C9A1F062B} = {CEFBDB89-10FA-4DBC-91E5-DA7C9A1F062B}
		{F62C9499-757C-4094-A18F-2966808C677A} = {F62C9499-757C-4094-A18F-2966808C677A}
		{DD2405F8-4386-4525-8253-CDFB2661DAFC} = {DD2405F8-4386-4525-8253-CDFB2661DAFC}
	EndProjectSection
EndProject
Project("{2150E333-8FDC-42A3-9474-1A3956D46DE8}") = "EmailClientApp", "EmailClientApp", "{38C2C0F5-B465-498B-A54C-523329CF05D0}"
EndProject
Project("{FAE04EC0-301F-11D3-BF4B-00C04F79EFBC}") = "EmailEntities", "EmailEntities\EmailEntities.csproj", "{CEFBDB89-10FA-4DBC-91E5-DA7C9A1F062B}"
EndProject
Project("{FAE04EC0-301F-11D3-BF4B-00C04F79EFBC}") = "EmailInterfaces", "EmailInterfaces\EmailInterfaces.csproj", "{1EF4DF4F-EFCA-494B-9D62-2E1FD7FC0265}"
EndProject
Project("{FAE04EC0-301F-11D3-BF4B-00C04F79EFBC}") = "EmailService", "EmailService\EmailService.csproj", "{729FA05D-37DE-4B44-A836-12E2EF525AE4}"
EndProject
Project("{FAE04EC0-301F-11D3-BF4B-00C04F79EFBC}") = "MailSelectionUI", "MailSelectionUI\MailSelectionUI.csproj", "{DA38E704-B76F-43FF-8CB0-D1651CB5010F}"
EndProject
Project("{FAE04EC0-301F-11D3-BF4B-00C04F79EFBC}") = "PresentationUtility", "PresentationUtility\PresentationUtility.csproj", "{7A493671-AF38-4103-BDBB-CAC32CF5A163}"
EndProject
Project("{FAE04EC0-301F-11D3-BF4B-00C04F79EFBC}") = "MailListUI", "MailListUI\MailListUI.csproj", "{DD2405F8-4386-4525-8253-CDFB2661DAFC}"
EndProject
Project("{FAE04EC0-301F-11D3-BF4B-00C04F79EFBC}") = "MailReadingUI", "MailReadingUI\MailReadingUI.csproj", "{7CCDCC6D-573D-4178-AF95-F2404F738E2A}"
EndProject
Project("{FAE04EC0-301F-11D3-BF4B-00C04F79EFBC}") = "ViewInjectionInterfaces", "ViewInjectionInterfaces\ViewInjectionInterfaces.csproj", "{7BF1D7E3-1FA9-4DB4-8497-F3891C623531}"
EndProject
Project("{FAE04EC0-301F-11D3-BF4B-00C04F79EFBC}") = "ViewInjectionImplementation", "ViewInjectionImplementation\ViewInjectionImplementation.csproj", "{EAA8B111-CCFA-44DE-9471-A520E410467A}"
EndProject
Project("{FAE04EC0-301F-11D3-BF4B-00C04F79EFBC}") = "NewMailUI", "NewMailUI\NewMailUI.csproj", "{F62C9499-757C-4094-A18F-2966808C677A}"
EndProject
Global
	GlobalSection(SolutionConfigurationPlatforms) = preSolution
		Debug|Any CPU = Debug|Any CPU
		Release|Any CPU = Release|Any CPU
	EndGlobalSection
	GlobalSection(ProjectConfigurationPlatforms) = postSolution
		{6D12ED08-2E7B-4896-B2E9-60AE4D44FB0A}.Debug|Any CPU.ActiveCfg = Debug|Any CPU
		{6D12ED08-2E7B-4896-B2E9-60AE4D44FB0A}.Debug|Any CPU.Build.0 = Debug|Any CPU
		{6D12ED08-2E7B-4896-B2E9-60AE4D44FB0A}.Release|Any CPU.ActiveCfg = Release|Any CPU
		{6D12ED08-2E7B-4896-B2E9-60AE4D44FB0A}.Release|Any CPU.Build.0 = Release|Any CPU
		{575FE8BB-5D32-47F0-ABD4-8408E64D1B92}.Debug|Any CPU.ActiveCfg = Debug|Any CPU
		{575FE8BB-5D32-47F0-ABD4-8408E64D1B92}.Debug|Any CPU.Build.0 = Debug|Any CPU
		{575FE8BB-5D32-47F0-ABD4-8408E64D1B92}.Release|Any CPU.ActiveCfg = Release|Any CPU
		{575FE8BB-5D32-47F0-ABD4-8408E64D1B92}.Release|Any CPU.Build.0 = Release|Any CPU
		{AC80A896-A2C4-43BB-BF64-225B9CF169C9}.Debug|Any CPU.ActiveCfg = Debug|Any CPU
		{AC80A896-A2C4-43BB-BF64-225B9CF169C9}.Debug|Any CPU.Build.0 = Debug|Any CPU
		{AC80A896-A2C4-43BB-BF64-225B9CF169C9}.Release|Any CPU.ActiveCfg = Release|Any CPU
		{AC80A896-A2C4-43BB-BF64-225B9CF169C9}.Release|Any CPU.Build.0 = Release|Any CPU
		{E211B877-9535-4613-817D-285ED5AF24C4}.Debug|Any CPU.ActiveCfg = Debug|Any CPU
		{E211B877-9535-4613-817D-285ED5AF24C4}.Debug|Any CPU.Build.0 = Debug|Any CPU
		{E211B877-9535-4613-817D-285ED5AF24C4}.Release|Any CPU.ActiveCfg = Release|Any CPU
		{E211B877-9535-4613-817D-285ED5AF24C4}.Release|Any CPU.Build.0 = Release|Any CPU
		{B1CEA06C-A835-4CC7-AC06-A41F1833F6F0}.Debug|Any CPU.ActiveCfg = Debug|Any CPU
		{B1CEA06C-A835-4CC7-AC06-A41F1833F6F0}.Debug|Any CPU.Build.0 = Debug|Any CPU
		{B1CEA06C-A835-4CC7-AC06-A41F1833F6F0}.Release|Any CPU.ActiveCfg = Release|Any CPU
		{B1CEA06C-A835-4CC7-AC06-A41F1833F6F0}.Release|Any CPU.Build.0 = Release|Any CPU
		{3FAFB475-2D9C-4E01-9873-95BC43479CD1}.Debug|Any CPU.ActiveCfg = Debug|Any CPU
		{3FAFB475-2D9C-4E01-9873-95BC43479CD1}.Debug|Any CPU.Build.0 = Debug|Any CPU
		{3FAFB475-2D9C-4E01-9873-95BC43479CD1}.Release|Any CPU.ActiveCfg = Release|Any CPU
		{3FAFB475-2D9C-4E01-9873-95BC43479CD1}.Release|Any CPU.Build.0 = Release|Any CPU
		{8AE8B06E-FDBC-400E-B110-D6970E99A24A}.Debug|Any CPU.ActiveCfg = Debug|Any CPU
		{8AE8B06E-FDBC-400E-B110-D6970E99A24A}.Debug|Any CPU.Build.0 = Debug|Any CPU
		{8AE8B06E-FDBC-400E-B110-D6970E99A24A}.Release|Any CPU.ActiveCfg = Release|Any CPU
		{8AE8B06E-FDBC-400E-B110-D6970E99A24A}.Release|Any CPU.Build.0 = Release|Any CPU
		{83B7D0B1-FC9B-45CE-9037-6A30E5F52506}.Debug|Any CPU.ActiveCfg = Debug|Any CPU
		{83B7D0B1-FC9B-45CE-9037-6A30E5F52506}.Debug|Any CPU.Build.0 = Debug|Any CPU
		{83B7D0B1-FC9B-45CE-9037-6A30E5F52506}.Release|Any CPU.ActiveCfg = Release|Any CPU
		{83B7D0B1-FC9B-45CE-9037-6A30E5F52506}.Release|Any CPU.Build.0 = Release|Any CPU
		{93D21140-3563-4BE9-B7F2-1917289D2E39}.Debug|Any CPU.ActiveCfg = Debug|Any CPU
		{93D21140-3563-4BE9-B7F2-1917289D2E39}.Debug|Any CPU.Build.0 = Debug|Any CPU
		{93D21140-3563-4BE9-B7F2-1917289D2E39}.Release|Any CPU.ActiveCfg = Release|Any CPU
		{93D21140-3563-4BE9-B7F2-1917289D2E39}.Release|Any CPU.Build.0 = Release|Any CPU
		{4399EB2A-E2C9-4E9F-A96D-9FF5AFEE6096}.Debug|Any CPU.ActiveCfg = Debug|Any CPU
		{4399EB2A-E2C9-4E9F-A96D-9FF5AFEE6096}.Debug|Any CPU.Build.0 = Debug|Any CPU
		{4399EB2A-E2C9-4E9F-A96D-9FF5AFEE6096}.Release|Any CPU.ActiveCfg = Release|Any CPU
		{4399EB2A-E2C9-4E9F-A96D-9FF5AFEE6096}.Release|Any CPU.Build.0 = Release|Any CPU
		{F30B29DE-01D5-40AA-875B-82C8198E0F50}.Debug|Any CPU.ActiveCfg = Debug|Any CPU
		{F30B29DE-01D5-40AA-875B-82C8198E0F50}.Debug|Any CPU.Build.0 = Debug|Any CPU
		{F30B29DE-01D5-40AA-875B-82C8198E0F50}.Release|Any CPU.ActiveCfg = Release|Any CPU
		{F30B29DE-01D5-40AA-875B-82C8198E0F50}.Release|Any CPU.Build.0 = Release|Any CPU
		{A13877C4-351C-462F-A5E2-E67DC7FCAAAC}.Debug|Any CPU.ActiveCfg = Debug|Any CPU
		{A13877C4-351C-462F-A5E2-E67DC7FCAAAC}.Debug|Any CPU.Build.0 = Debug|Any CPU
		{A13877C4-351C-462F-A5E2-E67DC7FCAAAC}.Release|Any CPU.ActiveCfg = Release|Any CPU
		{A13877C4-351C-462F-A5E2-E67DC7FCAAAC}.Release|Any CPU.Build.0 = Release|Any CPU
		{CEFBDB89-10FA-4DBC-91E5-DA7C9A1F062B}.Debug|Any CPU.ActiveCfg = Debug|Any CPU
		{CEFBDB89-10FA-4DBC-91E5-DA7C9A1F062B}.Debug|Any CPU.Build.0 = Debug|Any CPU
		{CEFBDB89-10FA-4DBC-91E5-DA7C9A1F062B}.Release|Any CPU.ActiveCfg = Release|Any CPU
		{CEFBDB89-10FA-4DBC-91E5-DA7C9A1F062B}.Release|Any CPU.Build.0 = Release|Any CPU
		{1EF4DF4F-EFCA-494B-9D62-2E1FD7FC0265}.Debug|Any CPU.ActiveCfg = Debug|Any CPU
		{1EF4DF4F-EFCA-494B-9D62-2E1FD7FC0265}.Debug|Any CPU.Build.0 = Debug|Any CPU
		{1EF4DF4F-EFCA-494B-9D62-2E1FD7FC0265}.Release|Any CPU.ActiveCfg = Release|Any CPU
		{1EF4DF4F-EFCA-494B-9D62-2E1FD7FC0265}.Release|Any CPU.Build.0 = Release|Any CPU
		{729FA05D-37DE-4B44-A836-12E2EF525AE4}.Debug|Any CPU.ActiveCfg = Debug|Any CPU
		{729FA05D-37DE-4B44-A836-12E2EF525AE4}.Debug|Any CPU.Build.0 = Debug|Any CPU
		{729FA05D-37DE-4B44-A836-12E2EF525AE4}.Release|Any CPU.ActiveCfg = Release|Any CPU
		{729FA05D-37DE-4B44-A836-12E2EF525AE4}.Release|Any CPU.Build.0 = Release|Any CPU
		{DA38E704-B76F-43FF-8CB0-D1651CB5010F}.Debug|Any CPU.ActiveCfg = Debug|Any CPU
		{DA38E704-B76F-43FF-8CB0-D1651CB5010F}.Debug|Any CPU.Build.0 = Debug|Any CPU
		{DA38E704-B76F-43FF-8CB0-D1651CB5010F}.Release|Any CPU.ActiveCfg = Release|Any CPU
		{DA38E704-B76F-43FF-8CB0-D1651CB5010F}.Release|Any CPU.Build.0 = Release|Any CPU
		{7A493671-AF38-4103-BDBB-CAC32CF5A163}.Debug|Any CPU.ActiveCfg = Debug|Any CPU
		{7A493671-AF38-4103-BDBB-CAC32CF5A163}.Debug|Any CPU.Build.0 = Debug|Any CPU
		{7A493671-AF38-4103-BDBB-CAC32CF5A163}.Release|Any CPU.ActiveCfg = Release|Any CPU
		{7A493671-AF38-4103-BDBB-CAC32CF5A163}.Release|Any CPU.Build.0 = Release|Any CPU
		{DD2405F8-4386-4525-8253-CDFB2661DAFC}.Debug|Any CPU.ActiveCfg = Debug|Any CPU
		{DD2405F8-4386-4525-8253-CDFB2661DAFC}.Debug|Any CPU.Build.0 = Debug|Any CPU
		{DD2405F8-4386-4525-8253-CDFB2661DAFC}.Release|Any CPU.ActiveCfg = Release|Any CPU
		{DD2405F8-4386-4525-8253-CDFB2661DAFC}.Release|Any CPU.Build.0 = Release|Any CPU
		{7CCDCC6D-573D-4178-AF95-F2404F738E2A}.Debug|Any CPU.ActiveCfg = Debug|Any CPU
		{7CCDCC6D-573D-4178-AF95-F2404F738E2A}.Debug|Any CPU.Build.0 = Debug|Any CPU
		{7CCDCC6D-573D-4178-AF95-F2404F738E2A}.Release|Any CPU.ActiveCfg = Release|Any CPU
		{7CCDCC6D-573D-4178-AF95-F2404F738E2A}.Release|Any CPU.Build.0 = Release|Any CPU
		{7BF1D7E3-1FA9-4DB4-8497-F3891C623531}.Debug|Any CPU.ActiveCfg = Debug|Any CPU
		{7BF1D7E3-1FA9-4DB4-8497-F3891C623531}.Debug|Any CPU.Build.0 = Debug|Any CPU
		{7BF1D7E3-1FA9-4DB4-8497-F3891C623531}.Release|Any CPU.ActiveCfg = Release|Any CPU
		{7BF1D7E3-1FA9-4DB4-8497-F3891C623531}.Release|Any CPU.Build.0 = Release|Any CPU
		{EAA8B111-CCFA-44DE-9471-A520E410467A}.Debug|Any CPU.ActiveCfg = Debug|Any CPU
		{EAA8B111-CCFA-44DE-9471-A520E410467A}.Debug|Any CPU.Build.0 = Debug|Any CPU
		{EAA8B111-CCFA-44DE-9471-A520E410467A}.Release|Any CPU.ActiveCfg = Release|Any CPU
		{EAA8B111-CCFA-44DE-9471-A520E410467A}.Release|Any CPU.Build.0 = Release|Any CPU
		{F62C9499-757C-4094-A18F-2966808C677A}.Debug|Any CPU.ActiveCfg = Debug|Any CPU
		{F62C9499-757C-4094-A18F-2966808C677A}.Debug|Any CPU.Build.0 = Debug|Any CPU
		{F62C9499-757C-4094-A18F-2966808C677A}.Release|Any CPU.ActiveCfg = Release|Any CPU
		{F62C9499-757C-4094-A18F-2966808C677A}.Release|Any CPU.Build.0 = Release|Any CPU
	EndGlobalSection
	GlobalSection(SolutionProperties) = preSolution
		HideSolutionNode = FALSE
	EndGlobalSection
	GlobalSection(NestedProjects) = preSolution
		{6D12ED08-2E7B-4896-B2E9-60AE4D44FB0A} = {702AFB02-9210-4BC4-9201-C1A6CEC6DA56}
		{575FE8BB-5D32-47F0-ABD4-8408E64D1B92} = {702AFB02-9210-4BC4-9201-C1A6CEC6DA56}
		{AC80A896-A2C4-43BB-BF64-225B9CF169C9} = {702AFB02-9210-4BC4-9201-C1A6CEC6DA56}
		{E211B877-9535-4613-817D-285ED5AF24C4} = {702AFB02-9210-4BC4-9201-C1A6CEC6DA56}
		{B1CEA06C-A835-4CC7-AC06-A41F1833F6F0} = {702AFB02-9210-4BC4-9201-C1A6CEC6DA56}
		{3FAFB475-2D9C-4E01-9873-95BC43479CD1} = {702AFB02-9210-4BC4-9201-C1A6CEC6DA56}
		{8AE8B06E-FDBC-400E-B110-D6970E99A24A} = {702AFB02-9210-4BC4-9201-C1A6CEC6DA56}
		{83B7D0B1-FC9B-45CE-9037-6A30E5F52506} = {D18A4E68-4DBF-49F6-B886-1EB3C3F3F475}
		{93D21140-3563-4BE9-B7F2-1917289D2E39} = {D18A4E68-4DBF-49F6-B886-1EB3C3F3F475}
		{4399EB2A-E2C9-4E9F-A96D-9FF5AFEE6096} = {D18A4E68-4DBF-49F6-B886-1EB3C3F3F475}
		{F30B29DE-01D5-40AA-875B-82C8198E0F50} = {D18A4E68-4DBF-49F6-B886-1EB3C3F3F475}
		{A13877C4-351C-462F-A5E2-E67DC7FCAAAC} = {38C2C0F5-B465-498B-A54C-523329CF05D0}
		{CEFBDB89-10FA-4DBC-91E5-DA7C9A1F062B} = {38C2C0F5-B465-498B-A54C-523329CF05D0}
		{1EF4DF4F-EFCA-494B-9D62-2E1FD7FC0265} = {38C2C0F5-B465-498B-A54C-523329CF05D0}
		{729FA05D-37DE-4B44-A836-12E2EF525AE4} = {38C2C0F5-B465-498B-A54C-523329CF05D0}
		{DA38E704-B76F-43FF-8CB0-D1651CB5010F} = {38C2C0F5-B465-498B-A54C-523329CF05D0}
		{7A493671-AF38-4103-BDBB-CAC32CF5A163} = {38C2C0F5-B465-498B-A54C-523329CF05D0}
		{DD2405F8-4386-4525-8253-CDFB2661DAFC} = {38C2C0F5-B465-498B-A54C-523329CF05D0}
		{7CCDCC6D-573D-4178-AF95-F2404F738E2A} = {38C2C0F5-B465-498B-A54C-523329CF05D0}
		{7BF1D7E3-1FA9-4DB4-8497-F3891C623531} = {38C2C0F5-B465-498B-A54C-523329CF05D0}
		{EAA8B111-CCFA-44DE-9471-A520E410467A} = {38C2C0F5-B465-498B-A54C-523329CF05D0}
		{F62C9499-757C-4094-A18F-2966808C677A} = {38C2C0F5-B465-498B-A54C-523329CF05D0}
	EndGlobalSection
EndGlobal
