
Microsoft Visual Studio Solution File, Format Version 12.00
# Visual Studio 14
VisualStudioVersion = 14.0.24720.0
MinimumVisualStudioVersion = 10.0.40219.1
Project("{FAE04EC0-301F-11D3-BF4B-00C04F79EFBC}") = "Application", "Application\Application.csproj", "{6D12ED08-2E7B-4896-B2E9-60AE4D44FB0A}"
	ProjectSection(ProjectDependencies) = postProject
		{B1CEA06C-A835-4CC7-AC06-A41F1833F6F0} = {B1CEA06C-A835-4CC7-AC06-A41F1833F6F0}
		{E211B877-9535-4613-817D-285ED5AF24C4} = {E211B877-9535-4613-817D-285ED5AF24C4}
		{AC80A896-A2C4-43BB-BF64-225B9CF169C9} = {AC80A896-A2C4-43BB-BF64-225B9CF169C9}
		{575FE8BB-5D32-47F0-ABD4-8408E64D1B92} = {575FE8BB-5D32-47F0-ABD4-8408E64D1B92}
	EndProjectSection
EndProject
Project("{FAE04EC0-301F-11D3-BF4B-00C04F79EFBC}") = "CommonTypesLibrary", "CommonTypesLibrary\CommonTypesLibrary.csproj", "{575FE8BB-5D32-47F0-ABD4-8408E64D1B92}"
EndProject
Project("{FAE04EC0-301F-11D3-BF4B-00C04F79EFBC}") = "InputOutputLibrary", "InputOutputLibrary\InputOutputLibrary.csproj", "{AC80A896-A2C4-43BB-BF64-225B9CF169C9}"
EndProject
Project("{FAE04EC0-301F-11D3-BF4B-00C04F79EFBC}") = "CalculatorLibrary", "CalculatorLibrary\CalculatorLibrary.csproj", "{E211B877-9535-4613-817D-285ED5AF24C4}"
EndProject
Project("{FAE04EC0-301F-11D3-BF4B-00C04F79EFBC}") = "CalculatorCommandParsingLibrary", "CalculatorCommandParsingLibrary\CalculatorCommandParsingLibrary.csproj", "{B1CEA06C-A835-4CC7-AC06-A41F1833F6F0}"
EndProject
Project("{FAE04EC0-301F-11D3-BF4B-00C04F79EFBC}") = "InterfacesLibrary", "InterfacesLibrary\InterfacesLibrary.csproj", "{3FAFB475-2D9C-4E01-9873-95BC43479CD1}"
EndProject
Global
	GlobalSection(SolutionConfigurationPlatforms) = preSolution
		Debug|Any CPU = Debug|Any CPU
		Release|Any CPU = Release|Any CPU
	EndGlobalSection
	GlobalSection(ProjectConfigurationPlatforms) = postSolution
		{6D12ED08-2E7B-4896-B2E9-60AE4D44FB0A}.Debug|Any CPU.ActiveCfg = Debug|Any CPU
		{6D12ED08-2E7B-4896-B2E9-60AE4D44FB0A}.Debug|Any CPU.Build.0 = Debug|Any CPU
		{6D12ED08-2E7B-4896-B2E9-60AE4D44FB0A}.Release|Any CPU.ActiveCfg = Release|Any CPU
		{6D12ED08-2E7B-4896-B2E9-60AE4D44FB0A}.Release|Any CPU.Build.0 = Release|Any CPU
		{575FE8BB-5D32-47F0-ABD4-8408E64D1B92}.Debug|Any CPU.ActiveCfg = Debug|Any CPU
		{575FE8BB-5D32-47F0-ABD4-8408E64D1B92}.Debug|Any CPU.Build.0 = Debug|Any CPU
		{575FE8BB-5D32-47F0-ABD4-8408E64D1B92}.Release|Any CPU.ActiveCfg = Release|Any CPU
		{575FE8BB-5D32-47F0-ABD4-8408E64D1B92}.Release|Any CPU.Build.0 = Release|Any CPU
		{AC80A896-A2C4-43BB-BF64-225B9CF169C9}.Debug|Any CPU.ActiveCfg = Debug|Any CPU
		{AC80A896-A2C4-43BB-BF64-225B9CF169C9}.Debug|Any CPU.Build.0 = Debug|Any CPU
		{AC80A896-A2C4-43BB-BF64-225B9CF169C9}.Release|Any CPU.ActiveCfg = Release|Any CPU
		{AC80A896-A2C4-43BB-BF64-225B9CF169C9}.Release|Any CPU.Build.0 = Release|Any CPU
		{E211B877-9535-4613-817D-285ED5AF24C4}.Debug|Any CPU.ActiveCfg = Debug|Any CPU
		{E211B877-9535-4613-817D-285ED5AF24C4}.Debug|Any CPU.Build.0 = Debug|Any CPU
		{E211B877-9535-4613-817D-285ED5AF24C4}.Release|Any CPU.ActiveCfg = Release|Any CPU
		{E211B877-9535-4613-817D-285ED5AF24C4}.Release|Any CPU.Build.0 = Release|Any CPU
		{B1CEA06C-A835-4CC7-AC06-A41F1833F6F0}.Debug|Any CPU.ActiveCfg = Debug|Any CPU
		{B1CEA06C-A835-4CC7-AC06-A41F1833F6F0}.Debug|Any CPU.Build.0 = Debug|Any CPU
		{B1CEA06C-A835-4CC7-AC06-A41F1833F6F0}.Release|Any CPU.ActiveCfg = Release|Any CPU
		{B1CEA06C-A835-4CC7-AC06-A41F1833F6F0}.Release|Any CPU.Build.0 = Release|Any CPU
		{3FAFB475-2D9C-4E01-9873-95BC43479CD1}.Debug|Any CPU.ActiveCfg = Debug|Any CPU
		{3FAFB475-2D9C-4E01-9873-95BC43479CD1}.Debug|Any CPU.Build.0 = Debug|Any CPU
		{3FAFB475-2D9C-4E01-9873-95BC43479CD1}.Release|Any CPU.ActiveCfg = Release|Any CPU
		{3FAFB475-2D9C-4E01-9873-95BC43479CD1}.Release|Any CPU.Build.0 = Release|Any CPU
	EndGlobalSection
	GlobalSection(SolutionProperties) = preSolution
		HideSolutionNode = FALSE
	EndGlobalSection
EndGlobal
